// !$*UTF8*$!
{
	archiveVersion = 1;
	classes = {
	};
	objectVersion = 46;
	objects = {

/* Begin PBXBuildFile section */
		20FCCBF81C410BE200935FD8 /* AppDelegate.swift in Sources */ = {isa = PBXBuildFile; fileRef = 20FCCBF71C410BE200935FD8 /* AppDelegate.swift */; };
		20FCCBFA1C410BE200935FD8 /* ViewController.swift in Sources */ = {isa = PBXBuildFile; fileRef = 20FCCBF91C410BE200935FD8 /* ViewController.swift */; };
		20FCCBFD1C410BE200935FD8 /* Main.storyboard in Resources */ = {isa = PBXBuildFile; fileRef = 20FCCBFB1C410BE200935FD8 /* Main.storyboard */; };
		20FCCBFF1C410BE200935FD8 /* Assets.xcassets in Resources */ = {isa = PBXBuildFile; fileRef = 20FCCBFE1C410BE200935FD8 /* Assets.xcassets */; };
		20FCCC021C410BE200935FD8 /* LaunchScreen.storyboard in Resources */ = {isa = PBXBuildFile; fileRef = 20FCCC001C410BE200935FD8 /* LaunchScreen.storyboard */; };
/* End PBXBuildFile section */

/* Begin PBXFileReference section */
		20FCCBF41C410BE200935FD8 /* LecturePin.app */ = {isa = PBXFileReference; explicitFileType = wrapper.application; includeInIndex = 0; path = LecturePin.app; sourceTree = BUILT_PRODUCTS_DIR; };
		20FCCBF71C410BE200935FD8 /* AppDelegate.swift */ = {isa = PBXFileReference; lastKnownFileType = sourcecode.swift; path = AppDelegate.swift; sourceTree = "<group>"; };
		20FCCBF91C410BE200935FD8 /* ViewController.swift */ = {isa = PBXFileReference; lastKnownFileType = sourcecode.swift; path = ViewController.swift; sourceTree = "<group>"; };
		20FCCBFC1C410BE200935FD8 /* Base */ = {isa = PBXFileReference; lastKnownFileType = file.storyboard; name = Base; path = Base.lproj/Main.storyboard; sourceTree = "<group>"; };
		20FCCBFE1C410BE200935FD8 /* Assets.xcassets */ = {isa = PBXFileReference; lastKnownFileType = folder.assetcatalog; path = Assets.xcassets; sourceTree = "<group>"; };
		20FCCC011C410BE200935FD8 /* Base */ = {isa = PBXFileReference; lastKnownFileType = file.storyboard; name = Base; path = Base.lproj/LaunchScreen.storyboard; sourceTree = "<group>"; };
		20FCCC031C410BE200935FD8 /* Info.plist */ = {isa = PBXFileReference; lastKnownFileType = text.plist.xml; path = Info.plist; sourceTree = "<group>"; };
/* End PBXFileReference section */

/* Begin PBXFrameworksBuildPhase section */
		20FCCBF11C410BE200935FD8 /* Frameworks */ = {
			isa = PBXFrameworksBuildPhase;
			buildActionMask = 2147483647;
			files = (
			);
			runOnlyForDeploymentPostprocessing = 0;
		};
/* End PBXFrameworksBuildPhase section */

/* Begin PBXGroup section */
		20FCCBEB1C410BE200935FD8 = {
			isa = PBXGroup;
			children = (
				20FCCBF61C410BE200935FD8 /* LecturePin */,
				20FCCBF51C410BE200935FD8 /* Products */,
			);
			sourceTree = "<group>";
		};
		20FCCBF51C410BE200935FD8 /* Products */ = {
			isa = PBXGroup;
			children = (
				20FCCBF41C410BE200935FD8 /* LecturePin.app */,
			);
			name = Products;
			sourceTree = "<group>";
		};
		20FCCBF61C410BE200935FD8 /* LecturePin */ = {
			isa = PBXGroup;
			children = (
				20FCCBF71C410BE200935FD8 /* AppDelegate.swift */,
				20FCCBF91C410BE200935FD8 /* ViewController.swift */,
				20FCCBFB1C410BE200935FD8 /* Main.storyboard */,
				20FCCBFE1C410BE200935FD8 /* Assets.xcassets */,
				20FCCC001C410BE200935FD8 /* LaunchScreen.storyboard */,
				20FCCC031C410BE200935FD8 /* Info.plist */,
			);
			path = LecturePin;
			sourceTree = "<group>";
		};
/* End PBXGroup section */

/* Begin PBXNativeTarget section */
		20FCCBF31C410BE200935FD8 /* LecturePin */ = {
			isa = PBXNativeTarget;
			buildConfigurationList = 20FCCC061C410BE200935FD8 /* Build configuration list for PBXNativeTarget "LecturePin" */;
			buildPhases = (
				20FCCBF01C410BE200935FD8 /* Sources */,
				20FCCBF11C410BE200935FD8 /* Frameworks */,
				20FCCBF21C410BE200935FD8 /* Resources */,
			);
			buildRules = (
			);
			dependencies = (
			);
			name = LecturePin;
			productName = LecturePin;
			productReference = 20FCCBF41C410BE200935FD8 /* LecturePin.app */;
			productType = "com.apple.product-type.application";
		};
/* End PBXNativeTarget section */

/* Begin PBXProject section */
		20FCCBEC1C410BE200935FD8 /* Project object */ = {
			isa = PBXProject;
			attributes = {
				LastSwiftUpdateCheck = 0720;
				LastUpgradeCheck = 0720;
				ORGANIZATIONNAME = "劉仲軒";
				TargetAttributes = {
					20FCCBF31C410BE200935FD8 = {
						CreatedOnToolsVersion = 7.2;
						DevelopmentTeam = U9WVFKNWBQ;
					};
				};
			};
			buildConfigurationList = 20FCCBEF1C410BE200935FD8 /* Build configuration list for PBXProject "LecturePin" */;
			compatibilityVersion = "Xcode 3.2";
			developmentRegion = English;
			hasScannedForEncodings = 0;
			knownRegions = (
				en,
				Base,
			);
			mainGroup = 20FCCBEB1C410BE200935FD8;
			productRefGroup = 20FCCBF51C410BE200935FD8 /* Products */;
			projectDirPath = "";
			projectRoot = "";
			targets = (
				20FCCBF31C410BE200935FD8 /* LecturePin */,
			);
		};
/* End PBXProject section */

/* Begin PBXResourcesBuildPhase section */
		20FCCBF21C410BE200935FD8 /* Resources */ = {
			isa = PBXResourcesBuildPhase;
			buildActionMask = 2147483647;
			files = (
				20FCCC021C410BE200935FD8 /* LaunchScreen.storyboard in Resources */,
				20FCCBFF1C410BE200935FD8 /* Assets.xcassets in Resources */,
				20FCCBFD1C410BE200935FD8 /* Main.storyboard in Resources */,
			);
			runOnlyForDeploymentPostprocessing = 0;
		};
/* End PBXResourcesBuildPhase section */

/* Begin PBXSourcesBuildPhase section */
		20FCCBF01C410BE200935FD8 /* Sources */ = {
			isa = PBXSourcesBuildPhase;
			buildActionMask = 2147483647;
			files = (
				20FCCBFA1C410BE200935FD8 /* ViewController.swift in Sources */,
				20FCCBF81C410BE200935FD8 /* AppDelegate.swift in Sources */,
			);
			runOnlyForDeploymentPostprocessing = 0;
		};
/* End PBXSourcesBuildPhase section */

/* Begin PBXVariantGroup section */
		20FCCBFB1C410BE200935FD8 /* Main.storyboard */ = {
			isa = PBXVariantGroup;
			children = (
				20FCCBFC1C410BE200935FD8 /* Base */,
			);
			name = Main.storyboard;
			sourceTree = "<group>";
		};
		20FCCC001C410BE200935FD8 /* LaunchScreen.storyboard */ = {
			isa = PBXVariantGroup;
			children = (
				20FCCC011C410BE200935FD8 /* Base */,
			);
			name = LaunchScreen.storyboard;
			sourceTree = "<group>";
		};
/* End PBXVariantGroup section */

/* Begin XCBuildConfiguration section */
		20FCCC041C410BE200935FD8 /* Debug */ = {
			isa = XCBuildConfiguration;
			buildSettings = {
				ALWAYS_SEARCH_USER_PATHS = NO;
				CLANG_CXX_LANGUAGE_STANDARD = "gnu++0x";
				CLANG_CXX_LIBRARY = "libc++";
				CLANG_ENABLE_MODULES = YES;
				CLANG_ENABLE_OBJC_ARC = YES;
				CLANG_WARN_BOOL_CONVERSION = YES;
				CLANG_WARN_CONSTANT_CONVERSION = YES;
				CLANG_WARN_DIRECT_OBJC_ISA_USAGE = YES_ERROR;
				CLANG_WARN_EMPTY_BODY = YES;
				CLANG_WARN_ENUM_CONVERSION = YES;
				CLANG_WARN_INT_CONVERSION = YES;
				CLANG_WARN_OBJC_ROOT_CLASS = YES_ERROR;
				CLANG_WARN_UNREACHABLE_CODE = YES;
				CLANG_WARN__DUPLICATE_METHOD_MATCH = YES;
				"CODE_SIGN_IDENTITY[sdk=iphoneos*]" = "iPhone Developer";
				COPY_PHASE_STRIP = NO;
				DEBUG_INFORMATION_FORMAT = dwarf;
				ENABLE_STRICT_OBJC_MSGSEND = YES;
				ENABLE_TESTABILITY = YES;
				GCC_C_LANGUAGE_STANDARD = gnu99;
				GCC_DYNAMIC_NO_PIC = NO;
				GCC_NO_COMMON_BLOCKS = YES;
				GCC_OPTIMIZATION_LEVEL = 0;
				GCC_PREPROCESSOR_DEFINITIONS = (
					"DEBUG=1",
					"$(inherited)",
				);
				GCC_WARN_64_TO_32_BIT_CONVERSION = YES;
				GCC_WARN_ABOUT_RETURN_TYPE = YES_ERROR;
				GCC_WARN_UNDECLARED_SELECTOR = YES;
				GCC_WARN_UNINITIALIZED_AUTOS = YES_AGGRESSIVE;
				GCC_WARN_UNUSED_FUNCTION = YES;
				GCC_WARN_UNUSED_VARIABLE = YES;
				IPHONEOS_DEPLOYMENT_TARGET = 9.2;
				MTL_ENABLE_DEBUG_INFO = YES;
				ONLY_ACTIVE_ARCH = YES;
				SDKROOT = iphoneos;
				SWIFT_OPTIMIZATION_LEVEL = "-Onone";
			};
			name = Debug;
		};
		20FCCC051C410BE200935FD8 /* Release */ = {
			isa = XCBuildConfiguration;
			buildSettings = {
				ALWAYS_SEARCH_USER_PATHS = NO;
				CLANG_CXX_LANGUAGE_STANDARD = "gnu++0x";
				CLANG_CXX_LIBRARY = "libc++";
				CLANG_ENABLE_MODULES = YES;
				CLANG_ENABLE_OBJC_ARC = YES;
				CLANG_WARN_BOOL_CONVERSION = YES;
				CLANG_WARN_CONSTANT_CONVERSION = YES;
				CLANG_WARN_DIRECT_OBJC_ISA_USAGE = YES_ERROR;
				CLANG_WARN_EMPTY_BODY = YES;
				CLANG_WARN_ENUM_CONVERSION = YES;
				CLANG_WARN_INT_CONVERSION = YES;
				CLANG_WARN_OBJC_ROOT_CLASS = YES_ERROR;
				CLANG_WARN_UNREACHABLE_CODE = YES;
				CLANG_WARN__DUPLICATE_METHOD_MATCH = YES;
				"CODE_SIGN_IDENTITY[sdk=iphoneos*]" = "iPhone Developer";
				COPY_PHASE_STRIP = NO;
				DEBUG_INFORMATION_FORMAT = "dwarf-with-dsym";
				ENABLE_NS_ASSERTIONS = NO;
				ENABLE_STRICT_OBJC_MSGSEND = YES;
				GCC_C_LANGUAGE_STANDARD = gnu99;
				GCC_NO_COMMON_BLOCKS = YES;
				GCC_WARN_64_TO_32_BIT_CONVERSION = YES;
				GCC_WARN_ABOUT_RETURN_TYPE = YES_ERROR;
				GCC_WARN_UNDECLARED_SELECTOR = YES;
				GCC_WARN_UNINITIALIZED_AUTOS = YES_AGGRESSIVE;
				GCC_WARN_UNUSED_FUNCTION = YES;
				GCC_WARN_UNUSED_VARIABLE = YES;
				IPHONEOS_DEPLOYMENT_TARGET = 9.2;
				MTL_ENABLE_DEBUG_INFO = NO;
				SDKROOT = iphoneos;
				VALIDATE_PRODUCT = YES;
			};
			name = Release;
		};
		20FCCC071C410BE200935FD8 /* Debug */ = {
			isa = XCBuildConfiguration;
			buildSettings = {
				ASSETCATALOG_COMPILER_APPICON_NAME = AppIcon;
				INFOPLIST_FILE = LecturePin/Info.plist;
				LD_RUNPATH_SEARCH_PATHS = "$(inherited) @executable_path/Frameworks";
				PRODUCT_BUNDLE_IDENTIFIER = turtlexuan.LecturePin;
				PRODUCT_NAME = "$(TARGET_NAME)";
			};
			name = Debug;
		};
		20FCCC081C410BE200935FD8 /* Release */ = {
			isa = XCBuildConfiguration;
			buildSettings = {
				ASSETCATALOG_COMPILER_APPICON_NAME = AppIcon;
				INFOPLIST_FILE = LecturePin/Info.plist;
				LD_RUNPATH_SEARCH_PATHS = "$(inherited) @executable_path/Frameworks";
				PRODUCT_BUNDLE_IDENTIFIER = turtlexuan.LecturePin;
				PRODUCT_NAME = "$(TARGET_NAME)";
			};
			name = Release;
		};
/* End XCBuildConfiguration section */

/* Begin XCConfigurationList section */
		20FCCBEF1C410BE200935FD8 /* Build configuration list for PBXProject "LecturePin" */ = {
			isa = XCConfigurationList;
			buildConfigurations = (
				20FCCC041C410BE200935FD8 /* Debug */,
				20FCCC051C410BE200935FD8 /* Release */,
			);
			defaultConfigurationIsVisible = 0;
			defaultConfigurationName = Release;
		};
		20FCCC061C410BE200935FD8 /* Build configuration list for PBXNativeTarget "LecturePin" */ = {
			isa = XCConfigurationList;
			buildConfigurations = (
				20FCCC071C410BE200935FD8 /* Debug */,
				20FCCC081C410BE200935FD8 /* Release */,
			);
			defaultConfigurationIsVisible = 0;
		};
/* End XCConfigurationList section */
	};
	rootObject = 20FCCBEC1C410BE200935FD8 /* Project object */;
}
